{
  "name": "MMM-HomePowerMonitor_forPanasonic",
  "version": "1.0.0",
  "lockfileVersion": 3,
  "requires": true,
  "packages": {
    "": {
      "name": "MMM-HomePowerMonitor_forPanasonic",
      "version": "1.0.0",
      "license": "MIT",
      "engines": {
        "node": ">=18"
      }
    }
  }
}
